
Microsoft Visual Studio Solution File, Format Version 12.00
# Visual Studio Version 17
VisualStudioVersion = 17.0.31903.59
MinimumVisualStudioVersion = 10.0.40219.1
Project("{2150E333-8FDC-42A3-9474-1A3956D46DE8}") = "src", "src", "{827E0CD3-B72D-47B6-A68D-7590B98EB39B}"
EndProject
Project("{2150E333-8FDC-42A3-9474-1A3956D46DE8}") = "Client", "Client", "{C5A3B5EA-BE9F-76E5-E9B8-8A22B289B295}"
EndProject
Project("{FAE04EC0-301F-11D3-BF4B-00C04F79EFBC}") = "ForestTails.Client", "src\Client\ForestTails.Client\ForestTails.Client.csproj", "{44B42EF0-39A5-40F0-B4DC-5F77D9248EF9}"
EndProject
Project("{2150E333-8FDC-42A3-9474-1A3956D46DE8}") = "Server", "Server", "{E6B48023-E680-40DA-9E17-319585C26937}"
EndProject
Project("{FAE04EC0-301F-11D3-BF4B-00C04F79EFBC}") = "ForestTails.Server.Data", "src\Server\ForestTails.Server.Data\ForestTails.Server.Data.csproj", "{480F643B-C9B5-4F8C-AFC5-DB9017FC466D}"
EndProject
Project("{FAE04EC0-301F-11D3-BF4B-00C04F79EFBC}") = "ForestTails.Server.Host", "src\Server\ForestTails.Server.Host\ForestTails.Server.Host.csproj", "{0ED8C8D2-57C0-486E-A175-FEEBF7BB4D8F}"
EndProject
Project("{FAE04EC0-301F-11D3-BF4B-00C04F79EFBC}") = "ForestTails.Server.Logic", "src\Server\ForestTails.Server.Logic\ForestTails.Server.Logic.csproj", "{94D6CC73-4240-4266-ABC8-C7A6813B2580}"
EndProject
Project("{2150E333-8FDC-42A3-9474-1A3956D46DE8}") = "Shared", "Shared", "{C8E42992-5E42-0C2B-DBFE-AA848D06431C}"
EndProject
Project("{FAE04EC0-301F-11D3-BF4B-00C04F79EFBC}") = "ForestTails.Shared", "src\Shared\ForestTails.Shared\ForestTails.Shared.csproj", "{C1468AEF-A906-455E-8014-56520AC0C14A}"
EndProject
Project("{2150E333-8FDC-42A3-9474-1A3956D46DE8}") = "tests", "tests", "{0AB3BF05-4346-4AA6-1389-037BE0695223}"
EndProject
Project("{FAE04EC0-301F-11D3-BF4B-00C04F79EFBC}") = "ForestTails.Server.Tests", "tests\ForestTails.Server.Tests\ForestTails.Server.Tests.csproj", "{EC69BDFF-DE3C-4570-976D-00AABC74E79B}"
EndProject
Global
	GlobalSection(SolutionConfigurationPlatforms) = preSolution
		Debug|Any CPU = Debug|Any CPU
		Debug|x64 = Debug|x64
		Debug|x86 = Debug|x86
		Release|Any CPU = Release|Any CPU
		Release|x64 = Release|x64
		Release|x86 = Release|x86
	EndGlobalSection
	GlobalSection(ProjectConfigurationPlatforms) = postSolution
		{44B42EF0-39A5-40F0-B4DC-5F77D9248EF9}.Debug|Any CPU.ActiveCfg = Debug|Any CPU
		{44B42EF0-39A5-40F0-B4DC-5F77D9248EF9}.Debug|Any CPU.Build.0 = Debug|Any CPU
		{44B42EF0-39A5-40F0-B4DC-5F77D9248EF9}.Debug|x64.ActiveCfg = Debug|Any CPU
		{44B42EF0-39A5-40F0-B4DC-5F77D9248EF9}.Debug|x64.Build.0 = Debug|Any CPU
		{44B42EF0-39A5-40F0-B4DC-5F77D9248EF9}.Debug|x86.ActiveCfg = Debug|Any CPU
		{44B42EF0-39A5-40F0-B4DC-5F77D9248EF9}.Debug|x86.Build.0 = Debug|Any CPU
		{44B42EF0-39A5-40F0-B4DC-5F77D9248EF9}.Release|Any CPU.ActiveCfg = Release|Any CPU
		{44B42EF0-39A5-40F0-B4DC-5F77D9248EF9}.Release|Any CPU.Build.0 = Release|Any CPU
		{44B42EF0-39A5-40F0-B4DC-5F77D9248EF9}.Release|x64.ActiveCfg = Release|Any CPU
		{44B42EF0-39A5-40F0-B4DC-5F77D9248EF9}.Release|x64.Build.0 = Release|Any CPU
		{44B42EF0-39A5-40F0-B4DC-5F77D9248EF9}.Release|x86.ActiveCfg = Release|Any CPU
		{44B42EF0-39A5-40F0-B4DC-5F77D9248EF9}.Release|x86.Build.0 = Release|Any CPU
		{480F643B-C9B5-4F8C-AFC5-DB9017FC466D}.Debug|Any CPU.ActiveCfg = Debug|Any CPU
		{480F643B-C9B5-4F8C-AFC5-DB9017FC466D}.Debug|Any CPU.Build.0 = Debug|Any CPU
		{480F643B-C9B5-4F8C-AFC5-DB9017FC466D}.Debug|x64.ActiveCfg = Debug|Any CPU
		{480F643B-C9B5-4F8C-AFC5-DB9017FC466D}.Debug|x64.Build.0 = Debug|Any CPU
		{480F643B-C9B5-4F8C-AFC5-DB9017FC466D}.Debug|x86.ActiveCfg = Debug|Any CPU
		{480F643B-C9B5-4F8C-AFC5-DB9017FC466D}.Debug|x86.Build.0 = Debug|Any CPU
		{480F643B-C9B5-4F8C-AFC5-DB9017FC466D}.Release|Any CPU.ActiveCfg = Release|Any CPU
		{480F643B-C9B5-4F8C-AFC5-DB9017FC466D}.Release|Any CPU.Build.0 = Release|Any CPU
		{480F643B-C9B5-4F8C-AFC5-DB9017FC466D}.Release|x64.ActiveCfg = Release|Any CPU
		{480F643B-C9B5-4F8C-AFC5-DB9017FC466D}.Release|x64.Build.0 = Release|Any CPU
		{480F643B-C9B5-4F8C-AFC5-DB9017FC466D}.Release|x86.ActiveCfg = Release|Any CPU
		{480F643B-C9B5-4F8C-AFC5-DB9017FC466D}.Release|x86.Build.0 = Release|Any CPU
		{0ED8C8D2-57C0-486E-A175-FEEBF7BB4D8F}.Debug|Any CPU.ActiveCfg = Debug|Any CPU
		{0ED8C8D2-57C0-486E-A175-FEEBF7BB4D8F}.Debug|Any CPU.Build.0 = Debug|Any CPU
		{0ED8C8D2-57C0-486E-A175-FEEBF7BB4D8F}.Debug|x64.ActiveCfg = Debug|Any CPU
		{0ED8C8D2-57C0-486E-A175-FEEBF7BB4D8F}.Debug|x64.Build.0 = Debug|Any CPU
		{0ED8C8D2-57C0-486E-A175-FEEBF7BB4D8F}.Debug|x86.ActiveCfg = Debug|Any CPU
		{0ED8C8D2-57C0-486E-A175-FEEBF7BB4D8F}.Debug|x86.Build.0 = Debug|Any CPU
		{0ED8C8D2-57C0-486E-A175-FEEBF7BB4D8F}.Release|Any CPU.ActiveCfg = Release|Any CPU
		{0ED8C8D2-57C0-486E-A175-FEEBF7BB4D8F}.Release|Any CPU.Build.0 = Release|Any CPU
		{0ED8C8D2-57C0-486E-A175-FEEBF7BB4D8F}.Release|x64.ActiveCfg = Release|Any CPU
		{0ED8C8D2-57C0-486E-A175-FEEBF7BB4D8F}.Release|x64.Build.0 = Release|Any CPU
		{0ED8C8D2-57C0-486E-A175-FEEBF7BB4D8F}.Release|x86.ActiveCfg = Release|Any CPU
		{0ED8C8D2-57C0-486E-A175-FEEBF7BB4D8F}.Release|x86.Build.0 = Release|Any CPU
		{94D6CC73-4240-4266-ABC8-C7A6813B2580}.Debug|Any CPU.ActiveCfg = Debug|Any CPU
		{94D6CC73-4240-4266-ABC8-C7A6813B2580}.Debug|Any CPU.Build.0 = Debug|Any CPU
		{94D6CC73-4240-4266-ABC8-C7A6813B2580}.Debug|x64.ActiveCfg = Debug|Any CPU
		{94D6CC73-4240-4266-ABC8-C7A6813B2580}.Debug|x64.Build.0 = Debug|Any CPU
		{94D6CC73-4240-4266-ABC8-C7A6813B2580}.Debug|x86.ActiveCfg = Debug|Any CPU
		{94D6CC73-4240-4266-ABC8-C7A6813B2580}.Debug|x86.Build.0 = Debug|Any CPU
		{94D6CC73-4240-4266-ABC8-C7A6813B2580}.Release|Any CPU.ActiveCfg = Release|Any CPU
		{94D6CC73-4240-4266-ABC8-C7A6813B2580}.Release|Any CPU.Build.0 = Release|Any CPU
		{94D6CC73-4240-4266-ABC8-C7A6813B2580}.Release|x64.ActiveCfg = Release|Any CPU
		{94D6CC73-4240-4266-ABC8-C7A6813B2580}.Release|x64.Build.0 = Release|Any CPU
		{94D6CC73-4240-4266-ABC8-C7A6813B2580}.Release|x86.ActiveCfg = Release|Any CPU
		{94D6CC73-4240-4266-ABC8-C7A6813B2580}.Release|x86.Build.0 = Release|Any CPU
		{C1468AEF-A906-455E-8014-56520AC0C14A}.Debug|Any CPU.ActiveCfg = Debug|Any CPU
		{C1468AEF-A906-455E-8014-56520AC0C14A}.Debug|Any CPU.Build.0 = Debug|Any CPU
		{C1468AEF-A906-455E-8014-56520AC0C14A}.Debug|x64.ActiveCfg = Debug|Any CPU
		{C1468AEF-A906-455E-8014-56520AC0C14A}.Debug|x64.Build.0 = Debug|Any CPU
		{C1468AEF-A906-455E-8014-56520AC0C14A}.Debug|x86.ActiveCfg = Debug|Any CPU
		{C1468AEF-A906-455E-8014-56520AC0C14A}.Debug|x86.Build.0 = Debug|Any CPU
		{C1468AEF-A906-455E-8014-56520AC0C14A}.Release|Any CPU.ActiveCfg = Release|Any CPU
		{C1468AEF-A906-455E-8014-56520AC0C14A}.Release|Any CPU.Build.0 = Release|Any CPU
		{C1468AEF-A906-455E-8014-56520AC0C14A}.Release|x64.ActiveCfg = Release|Any CPU
		{C1468AEF-A906-455E-8014-56520AC0C14A}.Release|x64.Build.0 = Release|Any CPU
		{C1468AEF-A906-455E-8014-56520AC0C14A}.Release|x86.ActiveCfg = Release|Any CPU
		{C1468AEF-A906-455E-8014-56520AC0C14A}.Release|x86.Build.0 = Release|Any CPU
		{EC69BDFF-DE3C-4570-976D-00AABC74E79B}.Debug|Any CPU.ActiveCfg = Debug|Any CPU
		{EC69BDFF-DE3C-4570-976D-00AABC74E79B}.Debug|Any CPU.Build.0 = Debug|Any CPU
		{EC69BDFF-DE3C-4570-976D-00AABC74E79B}.Debug|x64.ActiveCfg = Debug|Any CPU
		{EC69BDFF-DE3C-4570-976D-00AABC74E79B}.Debug|x64.Build.0 = Debug|Any CPU
		{EC69BDFF-DE3C-4570-976D-00AABC74E79B}.Debug|x86.ActiveCfg = Debug|Any CPU
		{EC69BDFF-DE3C-4570-976D-00AABC74E79B}.Debug|x86.Build.0 = Debug|Any CPU
		{EC69BDFF-DE3C-4570-976D-00AABC74E79B}.Release|Any CPU.ActiveCfg = Release|Any CPU
		{EC69BDFF-DE3C-4570-976D-00AABC74E79B}.Release|Any CPU.Build.0 = Release|Any CPU
		{EC69BDFF-DE3C-4570-976D-00AABC74E79B}.Release|x64.ActiveCfg = Release|Any CPU
		{EC69BDFF-DE3C-4570-976D-00AABC74E79B}.Release|x64.Build.0 = Release|Any CPU
		{EC69BDFF-DE3C-4570-976D-00AABC74E79B}.Release|x86.ActiveCfg = Release|Any CPU
		{EC69BDFF-DE3C-4570-976D-00AABC74E79B}.Release|x86.Build.0 = Release|Any CPU
	EndGlobalSection
	GlobalSection(SolutionProperties) = preSolution
		HideSolutionNode = FALSE
	EndGlobalSection
	GlobalSection(NestedProjects) = preSolution
		{C5A3B5EA-BE9F-76E5-E9B8-8A22B289B295} = {827E0CD3-B72D-47B6-A68D-7590B98EB39B}
		{44B42EF0-39A5-40F0-B4DC-5F77D9248EF9} = {C5A3B5EA-BE9F-76E5-E9B8-8A22B289B295}
		{E6B48023-E680-40DA-9E17-319585C26937} = {827E0CD3-B72D-47B6-A68D-7590B98EB39B}
		{480F643B-C9B5-4F8C-AFC5-DB9017FC466D} = {E6B48023-E680-40DA-9E17-319585C26937}
		{0ED8C8D2-57C0-486E-A175-FEEBF7BB4D8F} = {E6B48023-E680-40DA-9E17-319585C26937}
		{94D6CC73-4240-4266-ABC8-C7A6813B2580} = {E6B48023-E680-40DA-9E17-319585C26937}
		{C8E42992-5E42-0C2B-DBFE-AA848D06431C} = {827E0CD3-B72D-47B6-A68D-7590B98EB39B}
		{C1468AEF-A906-455E-8014-56520AC0C14A} = {C8E42992-5E42-0C2B-DBFE-AA848D06431C}
		{EC69BDFF-DE3C-4570-976D-00AABC74E79B} = {0AB3BF05-4346-4AA6-1389-037BE0695223}
	EndGlobalSection
EndGlobal
